
Microsoft Visual Studio Solution File, Format Version 12.00
# Visual Studio Version 16
VisualStudioVersion = 16.0.30804.86
MinimumVisualStudioVersion = 10.0.40219.1
Project("{FAE04EC0-301F-11D3-BF4B-00C04F79EFBC}") = "CRMInterview.ServiceConsole", "CRMInterview.ServiceConsole\CRMInterview.ServiceConsole.csproj", "{4E3EC448-B4E9-4FB7-A59C-5A6ADB4BD6D6}"
EndProject
Project("{FAE04EC0-301F-11D3-BF4B-00C04F79EFBC}") = "CRMInterview.DI", "CRMInterview.DI\CRMInterview.DI.csproj", "{B086F054-8102-4FB2-8520-E428BE48BA50}"
EndProject
Project("{FAE04EC0-301F-11D3-BF4B-00C04F79EFBC}") = "CRMInterview.BL", "CRMInterview.BL\CRMInterview.BL.csproj", "{9D417CC9-B753-4CFC-93C3-7E632FD31B1C}"
EndProject
Project("{FAE04EC0-301F-11D3-BF4B-00C04F79EFBC}") = "CRMInterview.Shared", "CRMInterview.Shared\CRMInterview.Shared.csproj", "{4CF4EF3F-8711-45E0-8209-D426CA475959}"
EndProject
Project("{FAE04EC0-301F-11D3-BF4B-00C04F79EFBC}") = "CRMInterview.Core", "CRMInterview.Core\CRMInterview.Core.csproj", "{86262100-B4A3-409D-AE33-25E61EA2FF10}"
EndProject
Global
	GlobalSection(SolutionConfigurationPlatforms) = preSolution
		Debug|Any CPU = Debug|Any CPU
		Release|Any CPU = Release|Any CPU
	EndGlobalSection
	GlobalSection(ProjectConfigurationPlatforms) = postSolution
		{4E3EC448-B4E9-4FB7-A59C-5A6ADB4BD6D6}.Debug|Any CPU.ActiveCfg = Debug|Any CPU
		{4E3EC448-B4E9-4FB7-A59C-5A6ADB4BD6D6}.Debug|Any CPU.Build.0 = Debug|Any CPU
		{4E3EC448-B4E9-4FB7-A59C-5A6ADB4BD6D6}.Release|Any CPU.ActiveCfg = Release|Any CPU
		{4E3EC448-B4E9-4FB7-A59C-5A6ADB4BD6D6}.Release|Any CPU.Build.0 = Release|Any CPU
		{B086F054-8102-4FB2-8520-E428BE48BA50}.Debug|Any CPU.ActiveCfg = Debug|Any CPU
		{B086F054-8102-4FB2-8520-E428BE48BA50}.Debug|Any CPU.Build.0 = Debug|Any CPU
		{B086F054-8102-4FB2-8520-E428BE48BA50}.Release|Any CPU.ActiveCfg = Release|Any CPU
		{B086F054-8102-4FB2-8520-E428BE48BA50}.Release|Any CPU.Build.0 = Release|Any CPU
		{9D417CC9-B753-4CFC-93C3-7E632FD31B1C}.Debug|Any CPU.ActiveCfg = Debug|Any CPU
		{9D417CC9-B753-4CFC-93C3-7E632FD31B1C}.Debug|Any CPU.Build.0 = Debug|Any CPU
		{9D417CC9-B753-4CFC-93C3-7E632FD31B1C}.Release|Any CPU.ActiveCfg = Release|Any CPU
		{9D417CC9-B753-4CFC-93C3-7E632FD31B1C}.Release|Any CPU.Build.0 = Release|Any CPU
		{4CF4EF3F-8711-45E0-8209-D426CA475959}.Debug|Any CPU.ActiveCfg = Debug|Any CPU
		{4CF4EF3F-8711-45E0-8209-D426CA475959}.Debug|Any CPU.Build.0 = Debug|Any CPU
		{4CF4EF3F-8711-45E0-8209-D426CA475959}.Release|Any CPU.ActiveCfg = Release|Any CPU
		{4CF4EF3F-8711-45E0-8209-D426CA475959}.Release|Any CPU.Build.0 = Release|Any CPU
		{86262100-B4A3-409D-AE33-25E61EA2FF10}.Debug|Any CPU.ActiveCfg = Debug|Any CPU
		{86262100-B4A3-409D-AE33-25E61EA2FF10}.Debug|Any CPU.Build.0 = Debug|Any CPU
		{86262100-B4A3-409D-AE33-25E61EA2FF10}.Release|Any CPU.ActiveCfg = Release|Any CPU
		{86262100-B4A3-409D-AE33-25E61EA2FF10}.Release|Any CPU.Build.0 = Release|Any CPU
	EndGlobalSection
	GlobalSection(SolutionProperties) = preSolution
		HideSolutionNode = FALSE
	EndGlobalSection
	GlobalSection(ExtensibilityGlobals) = postSolution
		SolutionGuid = {2D635B0C-6690-4AB9-AB78-80C78FB69E39}
	EndGlobalSection
EndGlobal
